
Microsoft Visual Studio Solution File, Format Version 12.00
# Visual Studio Version 17
VisualStudioVersion = 17.1.32319.34
MinimumVisualStudioVersion = 10.0.40219.1
Project("{FAE04EC0-301F-11D3-BF4B-00C04F79EFBC}") = "FinanzasAppFinal", "FinanzasAppFinal\FinanzasAppFinal.csproj", "{C84F3A42-6DBA-4346-8764-D5E6B6182F71}"
EndProject
Project("{FAE04EC0-301F-11D3-BF4B-00C04F79EFBC}") = "FinanzasAppFinalTests", "FinanzasAppFinalTests\FinanzasAppFinalTests.csproj", "{918370C2-E7A6-4319-92CB-B3043E667E13}"
	ProjectSection(ProjectDependencies) = postProject
		{C84F3A42-6DBA-4346-8764-D5E6B6182F71} = {C84F3A42-6DBA-4346-8764-D5E6B6182F71}
	EndProjectSection
EndProject
Global
	GlobalSection(SolutionConfigurationPlatforms) = preSolution
		Debug|Any CPU = Debug|Any CPU
		Release|Any CPU = Release|Any CPU
	EndGlobalSection
	GlobalSection(ProjectConfigurationPlatforms) = postSolution
		{C84F3A42-6DBA-4346-8764-D5E6B6182F71}.Debug|Any CPU.ActiveCfg = Debug|Any CPU
		{C84F3A42-6DBA-4346-8764-D5E6B6182F71}.Debug|Any CPU.Build.0 = Debug|Any CPU
		{C84F3A42-6DBA-4346-8764-D5E6B6182F71}.Release|Any CPU.ActiveCfg = Release|Any CPU
		{C84F3A42-6DBA-4346-8764-D5E6B6182F71}.Release|Any CPU.Build.0 = Release|Any CPU
		{918370C2-E7A6-4319-92CB-B3043E667E13}.Debug|Any CPU.ActiveCfg = Debug|Any CPU
		{918370C2-E7A6-4319-92CB-B3043E667E13}.Debug|Any CPU.Build.0 = Debug|Any CPU
		{918370C2-E7A6-4319-92CB-B3043E667E13}.Release|Any CPU.ActiveCfg = Release|Any CPU
		{918370C2-E7A6-4319-92CB-B3043E667E13}.Release|Any CPU.Build.0 = Release|Any CPU
	EndGlobalSection
	GlobalSection(SolutionProperties) = preSolution
		HideSolutionNode = FALSE
	EndGlobalSection
	GlobalSection(ExtensibilityGlobals) = postSolution
		SolutionGuid = {EB7E7C4B-6BC1-470C-9A35-E3AFC5689EBB}
	EndGlobalSection
EndGlobal
